// !$*UTF8*$!
{
	archiveVersion = 1;
	classes = {
	};
	objectVersion = 56;
	objects = {

/* Begin PBXBuildFile section */
		650553332CA297A800B19BDA /* AppDelegate.swift in Sources */ = {isa = PBXBuildFile; fileRef = 650553322CA297A800B19BDA /* AppDelegate.swift */; };
		650553352CA297A800B19BDA /* SceneDelegate.swift in Sources */ = {isa = PBXBuildFile; fileRef = 650553342CA297A800B19BDA /* SceneDelegate.swift */; };
		650553372CA297A800B19BDA /* ViewController.swift in Sources */ = {isa = PBXBuildFile; fileRef = 650553362CA297A800B19BDA /* ViewController.swift */; };
		6505533D2CA297A800B19BDA /* Rick___Roll.xcdatamodeld in Sources */ = {isa = PBXBuildFile; fileRef = 6505533B2CA297A800B19BDA /* Rick___Roll.xcdatamodeld */; };
		6505533F2CA297AA00B19BDA /* Assets.xcassets in Resources */ = {isa = PBXBuildFile; fileRef = 6505533E2CA297AA00B19BDA /* Assets.xcassets */; };
		650553422CA297AA00B19BDA /* LaunchScreen.storyboard in Resources */ = {isa = PBXBuildFile; fileRef = 650553402CA297AA00B19BDA /* LaunchScreen.storyboard */; };
		65F048F52CA29AB10099D115 /* RxCocoa in Frameworks */ = {isa = PBXBuildFile; productRef = 65F048F42CA29AB10099D115 /* RxCocoa */; };
		65F048F72CA29AB10099D115 /* RxSwift in Frameworks */ = {isa = PBXBuildFile; productRef = 65F048F62CA29AB10099D115 /* RxSwift */; };
		65F048F92CA29AB10099D115 /* RxSwift-Dynamic in Frameworks */ = {isa = PBXBuildFile; productRef = 65F048F82CA29AB10099D115 /* RxSwift-Dynamic */; };
		65F048FB2CA29AB10099D115 /* RxTest in Frameworks */ = {isa = PBXBuildFile; productRef = 65F048FA2CA29AB10099D115 /* RxTest */; };
		65F048FD2CA29AB10099D115 /* RxTest-Dynamic in Frameworks */ = {isa = PBXBuildFile; productRef = 65F048FC2CA29AB10099D115 /* RxTest-Dynamic */; };
		65F049052CA29B600099D115 /* Model.swift in Sources */ = {isa = PBXBuildFile; fileRef = 65F049042CA29B600099D115 /* Model.swift */; };
		65F049072CA29B870099D115 /* ViewModel.swift in Sources */ = {isa = PBXBuildFile; fileRef = 65F049062CA29B870099D115 /* ViewModel.swift */; };
		65F049092CA29BA00099D115 /* Components.swift in Sources */ = {isa = PBXBuildFile; fileRef = 65F049082CA29BA00099D115 /* Components.swift */; };
/* End PBXBuildFile section */

/* Begin PBXFileReference section */
		6505532F2CA297A800B19BDA /* Rick & Roll.app */ = {isa = PBXFileReference; explicitFileType = wrapper.application; includeInIndex = 0; path = "Rick & Roll.app"; sourceTree = BUILT_PRODUCTS_DIR; };
		650553322CA297A800B19BDA /* AppDelegate.swift */ = {isa = PBXFileReference; lastKnownFileType = sourcecode.swift; path = AppDelegate.swift; sourceTree = "<group>"; };
		650553342CA297A800B19BDA /* SceneDelegate.swift */ = {isa = PBXFileReference; lastKnownFileType = sourcecode.swift; path = SceneDelegate.swift; sourceTree = "<group>"; };
		650553362CA297A800B19BDA /* ViewController.swift */ = {isa = PBXFileReference; lastKnownFileType = sourcecode.swift; path = ViewController.swift; sourceTree = "<group>"; };
		6505533C2CA297A800B19BDA /* Rick___Roll.xcdatamodel */ = {isa = PBXFileReference; lastKnownFileType = wrapper.xcdatamodel; path = "Rick___Roll.xcdatamodel"; sourceTree = "<group>"; };
		6505533E2CA297AA00B19BDA /* Assets.xcassets */ = {isa = PBXFileReference; lastKnownFileType = folder.assetcatalog; path = Assets.xcassets; sourceTree = "<group>"; };
		650553412CA297AA00B19BDA /* Base */ = {isa = PBXFileReference; lastKnownFileType = file.storyboard; name = Base; path = Base.lproj/LaunchScreen.storyboard; sourceTree = "<group>"; };
		650553432CA297AA00B19BDA /* Info.plist */ = {isa = PBXFileReference; lastKnownFileType = text.plist.xml; path = Info.plist; sourceTree = "<group>"; };
		65F049042CA29B600099D115 /* Model.swift */ = {isa = PBXFileReference; lastKnownFileType = sourcecode.swift; path = Model.swift; sourceTree = "<group>"; };
		65F049062CA29B870099D115 /* ViewModel.swift */ = {isa = PBXFileReference; lastKnownFileType = sourcecode.swift; path = ViewModel.swift; sourceTree = "<group>"; };
		65F049082CA29BA00099D115 /* Components.swift */ = {isa = PBXFileReference; lastKnownFileType = sourcecode.swift; path = Components.swift; sourceTree = "<group>"; };
/* End PBXFileReference section */

/* Begin PBXFrameworksBuildPhase section */
		6505532C2CA297A800B19BDA /* Frameworks */ = {
			isa = PBXFrameworksBuildPhase;
			buildActionMask = 2147483647;
			files = (
				65F048FB2CA29AB10099D115 /* RxTest in Frameworks */,
				65F048F72CA29AB10099D115 /* RxSwift in Frameworks */,
				65F048F92CA29AB10099D115 /* RxSwift-Dynamic in Frameworks */,
				65F048FD2CA29AB10099D115 /* RxTest-Dynamic in Frameworks */,
				65F048F52CA29AB10099D115 /* RxCocoa in Frameworks */,
			);
			runOnlyForDeploymentPostprocessing = 0;
		};
/* End PBXFrameworksBuildPhase section */

/* Begin PBXGroup section */
		650553262CA297A800B19BDA = {
			isa = PBXGroup;
			children = (
				650553312CA297A800B19BDA /* Rick & Roll */,
				650553302CA297A800B19BDA /* Products */,
			);
			sourceTree = "<group>";
		};
		650553302CA297A800B19BDA /* Products */ = {
			isa = PBXGroup;
			children = (
				6505532F2CA297A800B19BDA /* Rick & Roll.app */,
			);
			name = Products;
			sourceTree = "<group>";
		};
		650553312CA297A800B19BDA /* Rick & Roll */ = {
			isa = PBXGroup;
			children = (
				65F049032CA29B2F0099D115 /* App */,
				65F049022CA29B200099D115 /* Components */,
				65F049012CA29B0D0099D115 /* ApiService */,
				65F049002CA29AF60099D115 /* ViewModel */,
				65F048FF2CA29AE70099D115 /* View */,
				65F048FE2CA29AD70099D115 /* Model */,
				6505533E2CA297AA00B19BDA /* Assets.xcassets */,
				650553402CA297AA00B19BDA /* LaunchScreen.storyboard */,
				650553432CA297AA00B19BDA /* Info.plist */,
				6505533B2CA297A800B19BDA /* Rick___Roll.xcdatamodeld */,
			);
			path = "Rick & Roll";
			sourceTree = "<group>";
		};
		65F048FE2CA29AD70099D115 /* Model */ = {
			isa = PBXGroup;
			children = (
				65F049042CA29B600099D115 /* Model.swift */,
			);
			path = Model;
			sourceTree = "<group>";
		};
		65F048FF2CA29AE70099D115 /* View */ = {
			isa = PBXGroup;
			children = (
				650553362CA297A800B19BDA /* ViewController.swift */,
			);
			path = View;
			sourceTree = "<group>";
		};
		65F049002CA29AF60099D115 /* ViewModel */ = {
			isa = PBXGroup;
			children = (
				65F049062CA29B870099D115 /* ViewModel.swift */,
			);
			path = ViewModel;
			sourceTree = "<group>";
		};
		65F049012CA29B0D0099D115 /* ApiService */ = {
			isa = PBXGroup;
			children = (
			);
			path = ApiService;
			sourceTree = "<group>";
		};
		65F049022CA29B200099D115 /* Components */ = {
			isa = PBXGroup;
			children = (
				65F049082CA29BA00099D115 /* Components.swift */,
			);
			path = Components;
			sourceTree = "<group>";
		};
		65F049032CA29B2F0099D115 /* App */ = {
			isa = PBXGroup;
			children = (
				650553342CA297A800B19BDA /* SceneDelegate.swift */,
				650553322CA297A800B19BDA /* AppDelegate.swift */,
			);
			path = App;
			sourceTree = "<group>";
		};
/* End PBXGroup section */

/* Begin PBXNativeTarget section */
		6505532E2CA297A800B19BDA /* Rick & Roll */ = {
			isa = PBXNativeTarget;
			buildConfigurationList = 650553462CA297AA00B19BDA /* Build configuration list for PBXNativeTarget "Rick & Roll" */;
			buildPhases = (
				6505532B2CA297A800B19BDA /* Sources */,
				6505532C2CA297A800B19BDA /* Frameworks */,
				6505532D2CA297A800B19BDA /* Resources */,
			);
			buildRules = (
			);
			dependencies = (
			);
			name = "Rick & Roll";
			packageProductDependencies = (
				65F048F42CA29AB10099D115 /* RxCocoa */,
				65F048F62CA29AB10099D115 /* RxSwift */,
				65F048F82CA29AB10099D115 /* RxSwift-Dynamic */,
				65F048FA2CA29AB10099D115 /* RxTest */,
				65F048FC2CA29AB10099D115 /* RxTest-Dynamic */,
			);
			productName = "Rick & Roll";
			productReference = 6505532F2CA297A800B19BDA /* Rick & Roll.app */;
			productType = "com.apple.product-type.application";
		};
/* End PBXNativeTarget section */

/* Begin PBXProject section */
		650553272CA297A800B19BDA /* Project object */ = {
			isa = PBXProject;
			attributes = {
				BuildIndependentTargetsInParallel = 1;
				LastSwiftUpdateCheck = 1520;
				LastUpgradeCheck = 1520;
				TargetAttributes = {
					6505532E2CA297A800B19BDA = {
						CreatedOnToolsVersion = 15.2;
					};
				};
			};
			buildConfigurationList = 6505532A2CA297A800B19BDA /* Build configuration list for PBXProject "Rick & Roll" */;
			compatibilityVersion = "Xcode 14.0";
			developmentRegion = en;
			hasScannedForEncodings = 0;
			knownRegions = (
				en,
				Base,
			);
			mainGroup = 650553262CA297A800B19BDA;
			packageReferences = (
				65F048F32CA29AB10099D115 /* XCRemoteSwiftPackageReference "RxSwift" */,
			);
			productRefGroup = 650553302CA297A800B19BDA /* Products */;
			projectDirPath = "";
			projectRoot = "";
			targets = (
				6505532E2CA297A800B19BDA /* Rick & Roll */,
			);
		};
/* End PBXProject section */

/* Begin PBXResourcesBuildPhase section */
		6505532D2CA297A800B19BDA /* Resources */ = {
			isa = PBXResourcesBuildPhase;
			buildActionMask = 2147483647;
			files = (
				650553422CA297AA00B19BDA /* LaunchScreen.storyboard in Resources */,
				6505533F2CA297AA00B19BDA /* Assets.xcassets in Resources */,
			);
			runOnlyForDeploymentPostprocessing = 0;
		};
/* End PBXResourcesBuildPhase section */

/* Begin PBXSourcesBuildPhase section */
		6505532B2CA297A800B19BDA /* Sources */ = {
			isa = PBXSourcesBuildPhase;
			buildActionMask = 2147483647;
			files = (
				65F049052CA29B600099D115 /* Model.swift in Sources */,
				650553372CA297A800B19BDA /* ViewController.swift in Sources */,
				650553332CA297A800B19BDA /* AppDelegate.swift in Sources */,
				65F049092CA29BA00099D115 /* Components.swift in Sources */,
				650553352CA297A800B19BDA /* SceneDelegate.swift in Sources */,
				65F049072CA29B870099D115 /* ViewModel.swift in Sources */,
				6505533D2CA297A800B19BDA /* Rick___Roll.xcdatamodeld in Sources */,
			);
			runOnlyForDeploymentPostprocessing = 0;
		};
/* End PBXSourcesBuildPhase section */

/* Begin PBXVariantGroup section */
		650553402CA297AA00B19BDA /* LaunchScreen.storyboard */ = {
			isa = PBXVariantGroup;
			children = (
				650553412CA297AA00B19BDA /* Base */,
			);
			name = LaunchScreen.storyboard;
			sourceTree = "<group>";
		};
/* End PBXVariantGroup section */

/* Begin XCBuildConfiguration section */
		650553442CA297AA00B19BDA /* Debug */ = {
			isa = XCBuildConfiguration;
			buildSettings = {
				ALWAYS_SEARCH_USER_PATHS = NO;
				ASSETCATALOG_COMPILER_GENERATE_SWIFT_ASSET_SYMBOL_EXTENSIONS = YES;
				CLANG_ANALYZER_NONNULL = YES;
				CLANG_ANALYZER_NUMBER_OBJECT_CONVERSION = YES_AGGRESSIVE;
				CLANG_CXX_LANGUAGE_STANDARD = "gnu++20";
				CLANG_ENABLE_MODULES = YES;
				CLANG_ENABLE_OBJC_ARC = YES;
				CLANG_ENABLE_OBJC_WEAK = YES;
				CLANG_WARN_BLOCK_CAPTURE_AUTORELEASING = YES;
				CLANG_WARN_BOOL_CONVERSION = YES;
				CLANG_WARN_COMMA = YES;
				CLANG_WARN_CONSTANT_CONVERSION = YES;
				CLANG_WARN_DEPRECATED_OBJC_IMPLEMENTATIONS = YES;
				CLANG_WARN_DIRECT_OBJC_ISA_USAGE = YES_ERROR;
				CLANG_WARN_DOCUMENTATION_COMMENTS = YES;
				CLANG_WARN_EMPTY_BODY = YES;
				CLANG_WARN_ENUM_CONVERSION = YES;
				CLANG_WARN_INFINITE_RECURSION = YES;
				CLANG_WARN_INT_CONVERSION = YES;
				CLANG_WARN_NON_LITERAL_NULL_CONVERSION = YES;
				CLANG_WARN_OBJC_IMPLICIT_RETAIN_SELF = YES;
				CLANG_WARN_OBJC_LITERAL_CONVERSION = YES;
				CLANG_WARN_OBJC_ROOT_CLASS = YES_ERROR;
				CLANG_WARN_QUOTED_INCLUDE_IN_FRAMEWORK_HEADER = YES;
				CLANG_WARN_RANGE_LOOP_ANALYSIS = YES;
				CLANG_WARN_STRICT_PROTOTYPES = YES;
				CLANG_WARN_SUSPICIOUS_MOVE = YES;
				CLANG_WARN_UNGUARDED_AVAILABILITY = YES_AGGRESSIVE;
				CLANG_WARN_UNREACHABLE_CODE = YES;
				CLANG_WARN__DUPLICATE_METHOD_MATCH = YES;
				COPY_PHASE_STRIP = NO;
				DEBUG_INFORMATION_FORMAT = dwarf;
				ENABLE_STRICT_OBJC_MSGSEND = YES;
				ENABLE_TESTABILITY = YES;
				ENABLE_USER_SCRIPT_SANDBOXING = YES;
				GCC_C_LANGUAGE_STANDARD = gnu17;
				GCC_DYNAMIC_NO_PIC = NO;
				GCC_NO_COMMON_BLOCKS = YES;
				GCC_OPTIMIZATION_LEVEL = 0;
				GCC_PREPROCESSOR_DEFINITIONS = (
					"DEBUG=1",
					"$(inherited)",
				);
				GCC_WARN_64_TO_32_BIT_CONVERSION = YES;
				GCC_WARN_ABOUT_RETURN_TYPE = YES_ERROR;
				GCC_WARN_UNDECLARED_SELECTOR = YES;
				GCC_WARN_UNINITIALIZED_AUTOS = YES_AGGRESSIVE;
				GCC_WARN_UNUSED_FUNCTION = YES;
				GCC_WARN_UNUSED_VARIABLE = YES;
				IPHONEOS_DEPLOYMENT_TARGET = 17.2;
				LOCALIZATION_PREFERS_STRING_CATALOGS = YES;
				MTL_ENABLE_DEBUG_INFO = INCLUDE_SOURCE;
				MTL_FAST_MATH = YES;
				ONLY_ACTIVE_ARCH = YES;
				SDKROOT = iphoneos;
				SWIFT_ACTIVE_COMPILATION_CONDITIONS = "DEBUG $(inherited)";
				SWIFT_OPTIMIZATION_LEVEL = "-Onone";
			};
			name = Debug;
		};
		650553452CA297AA00B19BDA /* Release */ = {
			isa = XCBuildConfiguration;
			buildSettings = {
				ALWAYS_SEARCH_USER_PATHS = NO;
				ASSETCATALOG_COMPILER_GENERATE_SWIFT_ASSET_SYMBOL_EXTENSIONS = YES;
				CLANG_ANALYZER_NONNULL = YES;
				CLANG_ANALYZER_NUMBER_OBJECT_CONVERSION = YES_AGGRESSIVE;
				CLANG_CXX_LANGUAGE_STANDARD = "gnu++20";
				CLANG_ENABLE_MODULES = YES;
				CLANG_ENABLE_OBJC_ARC = YES;
				CLANG_ENABLE_OBJC_WEAK = YES;
				CLANG_WARN_BLOCK_CAPTURE_AUTORELEASING = YES;
				CLANG_WARN_BOOL_CONVERSION = YES;
				CLANG_WARN_COMMA = YES;
				CLANG_WARN_CONSTANT_CONVERSION = YES;
				CLANG_WARN_DEPRECATED_OBJC_IMPLEMENTATIONS = YES;
				CLANG_WARN_DIRECT_OBJC_ISA_USAGE = YES_ERROR;
				CLANG_WARN_DOCUMENTATION_COMMENTS = YES;
				CLANG_WARN_EMPTY_BODY = YES;
				CLANG_WARN_ENUM_CONVERSION = YES;
				CLANG_WARN_INFINITE_RECURSION = YES;
				CLANG_WARN_INT_CONVERSION = YES;
				CLANG_WARN_NON_LITERAL_NULL_CONVERSION = YES;
				CLANG_WARN_OBJC_IMPLICIT_RETAIN_SELF = YES;
				CLANG_WARN_OBJC_LITERAL_CONVERSION = YES;
				CLANG_WARN_OBJC_ROOT_CLASS = YES_ERROR;
				CLANG_WARN_QUOTED_INCLUDE_IN_FRAMEWORK_HEADER = YES;
				CLANG_WARN_RANGE_LOOP_ANALYSIS = YES;
				CLANG_WARN_STRICT_PROTOTYPES = YES;
				CLANG_WARN_SUSPICIOUS_MOVE = YES;
				CLANG_WARN_UNGUARDED_AVAILABILITY = YES_AGGRESSIVE;
				CLANG_WARN_UNREACHABLE_CODE = YES;
				CLANG_WARN__DUPLICATE_METHOD_MATCH = YES;
				COPY_PHASE_STRIP = NO;
				DEBUG_INFORMATION_FORMAT = "dwarf-with-dsym";
				ENABLE_NS_ASSERTIONS = NO;
				ENABLE_STRICT_OBJC_MSGSEND = YES;
				ENABLE_USER_SCRIPT_SANDBOXING = YES;
				GCC_C_LANGUAGE_STANDARD = gnu17;
				GCC_NO_COMMON_BLOCKS = YES;
				GCC_WARN_64_TO_32_BIT_CONVERSION = YES;
				GCC_WARN_ABOUT_RETURN_TYPE = YES_ERROR;
				GCC_WARN_UNDECLARED_SELECTOR = YES;
				GCC_WARN_UNINITIALIZED_AUTOS = YES_AGGRESSIVE;
				GCC_WARN_UNUSED_FUNCTION = YES;
				GCC_WARN_UNUSED_VARIABLE = YES;
				IPHONEOS_DEPLOYMENT_TARGET = 17.2;
				LOCALIZATION_PREFERS_STRING_CATALOGS = YES;
				MTL_ENABLE_DEBUG_INFO = NO;
				MTL_FAST_MATH = YES;
				SDKROOT = iphoneos;
				SWIFT_COMPILATION_MODE = wholemodule;
				VALIDATE_PRODUCT = YES;
			};
			name = Release;
		};
		650553472CA297AA00B19BDA /* Debug */ = {
			isa = XCBuildConfiguration;
			buildSettings = {
				ASSETCATALOG_COMPILER_APPICON_NAME = AppIcon;
				ASSETCATALOG_COMPILER_GLOBAL_ACCENT_COLOR_NAME = AccentColor;
				CODE_SIGN_STYLE = Automatic;
				CURRENT_PROJECT_VERSION = 1;
				DEVELOPMENT_TEAM = 2A4T46967B;
				GENERATE_INFOPLIST_FILE = YES;
				INFOPLIST_FILE = "Rick & Roll/Info.plist";
				INFOPLIST_KEY_UIApplicationSupportsIndirectInputEvents = YES;
				INFOPLIST_KEY_UILaunchStoryboardName = LaunchScreen;
				INFOPLIST_KEY_UISupportedInterfaceOrientations_iPad = "UIInterfaceOrientationPortrait UIInterfaceOrientationPortraitUpsideDown UIInterfaceOrientationLandscapeLeft UIInterfaceOrientationLandscapeRight";
				INFOPLIST_KEY_UISupportedInterfaceOrientations_iPhone = "UIInterfaceOrientationPortrait UIInterfaceOrientationLandscapeLeft UIInterfaceOrientationLandscapeRight";
				LD_RUNPATH_SEARCH_PATHS = (
					"$(inherited)",
					"@executable_path/Frameworks",
				);
				MARKETING_VERSION = 1.0;
				PRODUCT_BUNDLE_IDENTIFIER = "Rick---Roll.Rick---Roll";
				PRODUCT_NAME = "$(TARGET_NAME)";
				SWIFT_EMIT_LOC_STRINGS = YES;
				SWIFT_VERSION = 5.0;
				TARGETED_DEVICE_FAMILY = "1,2";
			};
			name = Debug;
		};
		650553482CA297AA00B19BDA /* Release */ = {
			isa = XCBuildConfiguration;
			buildSettings = {
				ASSETCATALOG_COMPILER_APPICON_NAME = AppIcon;
				ASSETCATALOG_COMPILER_GLOBAL_ACCENT_COLOR_NAME = AccentColor;
				CODE_SIGN_STYLE = Automatic;
				CURRENT_PROJECT_VERSION = 1;
				DEVELOPMENT_TEAM = 2A4T46967B;
				GENERATE_INFOPLIST_FILE = YES;
				INFOPLIST_FILE = "Rick & Roll/Info.plist";
				INFOPLIST_KEY_UIApplicationSupportsIndirectInputEvents = YES;
				INFOPLIST_KEY_UILaunchStoryboardName = LaunchScreen;
				INFOPLIST_KEY_UISupportedInterfaceOrientations_iPad = "UIInterfaceOrientationPortrait UIInterfaceOrientationPortraitUpsideDown UIInterfaceOrientationLandscapeLeft UIInterfaceOrientationLandscapeRight";
				INFOPLIST_KEY_UISupportedInterfaceOrientations_iPhone = "UIInterfaceOrientationPortrait UIInterfaceOrientationLandscapeLeft UIInterfaceOrientationLandscapeRight";
				LD_RUNPATH_SEARCH_PATHS = (
					"$(inherited)",
					"@executable_path/Frameworks",
				);
				MARKETING_VERSION = 1.0;
				PRODUCT_BUNDLE_IDENTIFIER = "Rick---Roll.Rick---Roll";
				PRODUCT_NAME = "$(TARGET_NAME)";
				SWIFT_EMIT_LOC_STRINGS = YES;
				SWIFT_VERSION = 5.0;
				TARGETED_DEVICE_FAMILY = "1,2";
			};
			name = Release;
		};
/* End XCBuildConfiguration section */

/* Begin XCConfigurationList section */
		6505532A2CA297A800B19BDA /* Build configuration list for PBXProject "Rick & Roll" */ = {
			isa = XCConfigurationList;
			buildConfigurations = (
				650553442CA297AA00B19BDA /* Debug */,
				650553452CA297AA00B19BDA /* Release */,
			);
			defaultConfigurationIsVisible = 0;
			defaultConfigurationName = Release;
		};
		650553462CA297AA00B19BDA /* Build configuration list for PBXNativeTarget "Rick & Roll" */ = {
			isa = XCConfigurationList;
			buildConfigurations = (
				650553472CA297AA00B19BDA /* Debug */,
				650553482CA297AA00B19BDA /* Release */,
			);
			defaultConfigurationIsVisible = 0;
			defaultConfigurationName = Release;
		};
/* End XCConfigurationList section */

/* Begin XCRemoteSwiftPackageReference section */
		65F048F32CA29AB10099D115 /* XCRemoteSwiftPackageReference "RxSwift" */ = {
			isa = XCRemoteSwiftPackageReference;
			repositoryURL = "https://github.com/ReactiveX/RxSwift";
			requirement = {
				kind = upToNextMajorVersion;
				minimumVersion = 6.7.1;
			};
		};
/* End XCRemoteSwiftPackageReference section */

/* Begin XCSwiftPackageProductDependency section */
		65F048F42CA29AB10099D115 /* RxCocoa */ = {
			isa = XCSwiftPackageProductDependency;
			package = 65F048F32CA29AB10099D115 /* XCRemoteSwiftPackageReference "RxSwift" */;
			productName = RxCocoa;
		};
		65F048F62CA29AB10099D115 /* RxSwift */ = {
			isa = XCSwiftPackageProductDependency;
			package = 65F048F32CA29AB10099D115 /* XCRemoteSwiftPackageReference "RxSwift" */;
			productName = RxSwift;
		};
		65F048F82CA29AB10099D115 /* RxSwift-Dynamic */ = {
			isa = XCSwiftPackageProductDependency;
			package = 65F048F32CA29AB10099D115 /* XCRemoteSwiftPackageReference "RxSwift" */;
			productName = "RxSwift-Dynamic";
		};
		65F048FA2CA29AB10099D115 /* RxTest */ = {
			isa = XCSwiftPackageProductDependency;
			package = 65F048F32CA29AB10099D115 /* XCRemoteSwiftPackageReference "RxSwift" */;
			productName = RxTest;
		};
		65F048FC2CA29AB10099D115 /* RxTest-Dynamic */ = {
			isa = XCSwiftPackageProductDependency;
			package = 65F048F32CA29AB10099D115 /* XCRemoteSwiftPackageReference "RxSwift" */;
			productName = "RxTest-Dynamic";
		};
/* End XCSwiftPackageProductDependency section */

/* Begin XCVersionGroup section */
		6505533B2CA297A800B19BDA /* Rick___Roll.xcdatamodeld */ = {
			isa = XCVersionGroup;
			children = (
				6505533C2CA297A800B19BDA /* Rick___Roll.xcdatamodel */,
			);
			currentVersion = 6505533C2CA297A800B19BDA /* Rick___Roll.xcdatamodel */;
			path = "Rick___Roll.xcdatamodeld";
			sourceTree = "<group>";
			versionGroupType = wrapper.xcdatamodel;
		};
/* End XCVersionGroup section */
	};
	rootObject = 650553272CA297A800B19BDA /* Project object */;
}
